
Microsoft Visual Studio Solution File, Format Version 12.00
# Visual Studio Version 17
VisualStudioVersion = 17.11.35222.181
MinimumVisualStudioVersion = 10.0.40219.1
Project("{9A19103F-16F7-4668-BE54-9A1E7A4F7556}") = "ApiContacto", "ApiContacto\ApiContacto.csproj", "{1028C7C0-3920-45AF-AAB1-2F855F17F000}"
EndProject
Global
	GlobalSection(SolutionConfigurationPlatforms) = preSolution
		Debug|Any CPU = Debug|Any CPU
		Release|Any CPU = Release|Any CPU
	EndGlobalSection
	GlobalSection(ProjectConfigurationPlatforms) = postSolution
		{1028C7C0-3920-45AF-AAB1-2F855F17F000}.Debug|Any CPU.ActiveCfg = Debug|Any CPU
		{1028C7C0-3920-45AF-AAB1-2F855F17F000}.Debug|Any CPU.Build.0 = Debug|Any CPU
		{1028C7C0-3920-45AF-AAB1-2F855F17F000}.Release|Any CPU.ActiveCfg = Release|Any CPU
		{1028C7C0-3920-45AF-AAB1-2F855F17F000}.Release|Any CPU.Build.0 = Release|Any CPU
	EndGlobalSection
	GlobalSection(SolutionProperties) = preSolution
		HideSolutionNode = FALSE
	EndGlobalSection
	GlobalSection(ExtensibilityGlobals) = postSolution
		SolutionGuid = {C98EBFF8-2058-46C8-9C02-BC761B817F0C}
	EndGlobalSection
EndGlobal
